
Microsoft Visual Studio Solution File, Format Version 12.00
# Visual Studio Version 17
VisualStudioVersion = 17.0.31903.59
MinimumVisualStudioVersion = 10.0.40219.1
Project("{2150E333-8FDC-42A3-9474-1A3956D46DE8}") = "src", "src", "{827E0CD3-B72D-47B6-A68D-7590B98EB39B}"
EndProject
Project("{FAE04EC0-301F-11D3-BF4B-00C04F79EFBC}") = "SupplyWinApp.Domain", "src\SupplyWinApp.Domain\SupplyWinApp.Domain.csproj", "{5CD7D171-9E0E-43A2-AAB3-B3B5EA72B041}"
EndProject
Project("{FAE04EC0-301F-11D3-BF4B-00C04F79EFBC}") = "SupplyWinApp.Application", "src\SupplyWinApp.Application\SupplyWinApp.Application.csproj", "{0A51185F-AFE7-4047-B4FE-E22163D394FE}"
EndProject
Project("{FAE04EC0-301F-11D3-BF4B-00C04F79EFBC}") = "SupplyWinApp.Infrastructure", "src\SupplyWinApp.Infrastructure\SupplyWinApp.Infrastructure.csproj", "{F8697FA5-4C0B-4760-97E7-0B99180840D3}"
EndProject
Project("{FAE04EC0-301F-11D3-BF4B-00C04F79EFBC}") = "SupplyWinApp.Presentation", "src\SupplyWinApp.Presentation\SupplyWinApp.Presentation.csproj", "{9BED161F-C01A-4081-B3C0-CD94D2B8E6E3}"
EndProject
Global
	GlobalSection(SolutionConfigurationPlatforms) = preSolution
		Debug|Any CPU = Debug|Any CPU
		Debug|x64 = Debug|x64
		Debug|x86 = Debug|x86
		Release|Any CPU = Release|Any CPU
		Release|x64 = Release|x64
		Release|x86 = Release|x86
	EndGlobalSection
	GlobalSection(ProjectConfigurationPlatforms) = postSolution
		{5CD7D171-9E0E-43A2-AAB3-B3B5EA72B041}.Debug|Any CPU.ActiveCfg = Debug|Any CPU
		{5CD7D171-9E0E-43A2-AAB3-B3B5EA72B041}.Debug|Any CPU.Build.0 = Debug|Any CPU
		{5CD7D171-9E0E-43A2-AAB3-B3B5EA72B041}.Debug|x64.ActiveCfg = Debug|Any CPU
		{5CD7D171-9E0E-43A2-AAB3-B3B5EA72B041}.Debug|x64.Build.0 = Debug|Any CPU
		{5CD7D171-9E0E-43A2-AAB3-B3B5EA72B041}.Debug|x86.ActiveCfg = Debug|Any CPU
		{5CD7D171-9E0E-43A2-AAB3-B3B5EA72B041}.Debug|x86.Build.0 = Debug|Any CPU
		{5CD7D171-9E0E-43A2-AAB3-B3B5EA72B041}.Release|Any CPU.ActiveCfg = Release|Any CPU
		{5CD7D171-9E0E-43A2-AAB3-B3B5EA72B041}.Release|Any CPU.Build.0 = Release|Any CPU
		{5CD7D171-9E0E-43A2-AAB3-B3B5EA72B041}.Release|x64.ActiveCfg = Release|Any CPU
		{5CD7D171-9E0E-43A2-AAB3-B3B5EA72B041}.Release|x64.Build.0 = Release|Any CPU
		{5CD7D171-9E0E-43A2-AAB3-B3B5EA72B041}.Release|x86.ActiveCfg = Release|Any CPU
		{5CD7D171-9E0E-43A2-AAB3-B3B5EA72B041}.Release|x86.Build.0 = Release|Any CPU
		{0A51185F-AFE7-4047-B4FE-E22163D394FE}.Debug|Any CPU.ActiveCfg = Debug|Any CPU
		{0A51185F-AFE7-4047-B4FE-E22163D394FE}.Debug|Any CPU.Build.0 = Debug|Any CPU
		{0A51185F-AFE7-4047-B4FE-E22163D394FE}.Debug|x64.ActiveCfg = Debug|Any CPU
		{0A51185F-AFE7-4047-B4FE-E22163D394FE}.Debug|x64.Build.0 = Debug|Any CPU
		{0A51185F-AFE7-4047-B4FE-E22163D394FE}.Debug|x86.ActiveCfg = Debug|Any CPU
		{0A51185F-AFE7-4047-B4FE-E22163D394FE}.Debug|x86.Build.0 = Debug|Any CPU
		{0A51185F-AFE7-4047-B4FE-E22163D394FE}.Release|Any CPU.ActiveCfg = Release|Any CPU
		{0A51185F-AFE7-4047-B4FE-E22163D394FE}.Release|Any CPU.Build.0 = Release|Any CPU
		{0A51185F-AFE7-4047-B4FE-E22163D394FE}.Release|x64.ActiveCfg = Release|Any CPU
		{0A51185F-AFE7-4047-B4FE-E22163D394FE}.Release|x64.Build.0 = Release|Any CPU
		{0A51185F-AFE7-4047-B4FE-E22163D394FE}.Release|x86.ActiveCfg = Release|Any CPU
		{0A51185F-AFE7-4047-B4FE-E22163D394FE}.Release|x86.Build.0 = Release|Any CPU
		{F8697FA5-4C0B-4760-97E7-0B99180840D3}.Debug|Any CPU.ActiveCfg = Debug|Any CPU
		{F8697FA5-4C0B-4760-97E7-0B99180840D3}.Debug|Any CPU.Build.0 = Debug|Any CPU
		{F8697FA5-4C0B-4760-97E7-0B99180840D3}.Debug|x64.ActiveCfg = Debug|Any CPU
		{F8697FA5-4C0B-4760-97E7-0B99180840D3}.Debug|x64.Build.0 = Debug|Any CPU
		{F8697FA5-4C0B-4760-97E7-0B99180840D3}.Debug|x86.ActiveCfg = Debug|Any CPU
		{F8697FA5-4C0B-4760-97E7-0B99180840D3}.Debug|x86.Build.0 = Debug|Any CPU
		{F8697FA5-4C0B-4760-97E7-0B99180840D3}.Release|Any CPU.ActiveCfg = Release|Any CPU
		{F8697FA5-4C0B-4760-97E7-0B99180840D3}.Release|Any CPU.Build.0 = Release|Any CPU
		{F8697FA5-4C0B-4760-97E7-0B99180840D3}.Release|x64.ActiveCfg = Release|Any CPU
		{F8697FA5-4C0B-4760-97E7-0B99180840D3}.Release|x64.Build.0 = Release|Any CPU
		{F8697FA5-4C0B-4760-97E7-0B99180840D3}.Release|x86.ActiveCfg = Release|Any CPU
		{F8697FA5-4C0B-4760-97E7-0B99180840D3}.Release|x86.Build.0 = Release|Any CPU
		{9BED161F-C01A-4081-B3C0-CD94D2B8E6E3}.Debug|Any CPU.ActiveCfg = Debug|Any CPU
		{9BED161F-C01A-4081-B3C0-CD94D2B8E6E3}.Debug|Any CPU.Build.0 = Debug|Any CPU
		{9BED161F-C01A-4081-B3C0-CD94D2B8E6E3}.Debug|x64.ActiveCfg = Debug|Any CPU
		{9BED161F-C01A-4081-B3C0-CD94D2B8E6E3}.Debug|x64.Build.0 = Debug|Any CPU
		{9BED161F-C01A-4081-B3C0-CD94D2B8E6E3}.Debug|x86.ActiveCfg = Debug|Any CPU
		{9BED161F-C01A-4081-B3C0-CD94D2B8E6E3}.Debug|x86.Build.0 = Debug|Any CPU
		{9BED161F-C01A-4081-B3C0-CD94D2B8E6E3}.Release|Any CPU.ActiveCfg = Release|Any CPU
		{9BED161F-C01A-4081-B3C0-CD94D2B8E6E3}.Release|Any CPU.Build.0 = Release|Any CPU
		{9BED161F-C01A-4081-B3C0-CD94D2B8E6E3}.Release|x64.ActiveCfg = Release|Any CPU
		{9BED161F-C01A-4081-B3C0-CD94D2B8E6E3}.Release|x64.Build.0 = Release|Any CPU
		{9BED161F-C01A-4081-B3C0-CD94D2B8E6E3}.Release|x86.ActiveCfg = Release|Any CPU
		{9BED161F-C01A-4081-B3C0-CD94D2B8E6E3}.Release|x86.Build.0 = Release|Any CPU
	EndGlobalSection
	GlobalSection(SolutionProperties) = preSolution
		HideSolutionNode = FALSE
	EndGlobalSection
	GlobalSection(NestedProjects) = preSolution
		{5CD7D171-9E0E-43A2-AAB3-B3B5EA72B041} = {827E0CD3-B72D-47B6-A68D-7590B98EB39B}
		{0A51185F-AFE7-4047-B4FE-E22163D394FE} = {827E0CD3-B72D-47B6-A68D-7590B98EB39B}
		{F8697FA5-4C0B-4760-97E7-0B99180840D3} = {827E0CD3-B72D-47B6-A68D-7590B98EB39B}
		{9BED161F-C01A-4081-B3C0-CD94D2B8E6E3} = {827E0CD3-B72D-47B6-A68D-7590B98EB39B}
	EndGlobalSection
EndGlobal
